// !$*UTF8*$!
{
	archiveVersion = 1;
	classes = {
	};
	objectVersion = 46;
	objects = {

/* Begin PBXBuildFile section */
		6BFE679ADCF3017678F362FD /* libPods-Leisure.a in Frameworks */ = {isa = PBXBuildFile; fileRef = 52EE051F52118142E4C2B914 /* libPods-Leisure.a */; };
		791195411CAD445800913712 /* RadioDetailListHeaderView.m in Sources */ = {isa = PBXBuildFile; fileRef = 791195401CAD445800913712 /* RadioDetailListHeaderView.m */; };
		791195441CAD482100913712 /* TopicListModelCell.m in Sources */ = {isa = PBXBuildFile; fileRef = 791195431CAD482100913712 /* TopicListModelCell.m */; };
		791195491CAD543900913712 /* ProductListModelCell.m in Sources */ = {isa = PBXBuildFile; fileRef = 791195481CAD543900913712 /* ProductListModelCell.m */; };
		7911954B1CAD545700913712 /* ProductListModelCell.xib in Resources */ = {isa = PBXBuildFile; fileRef = 7911954A1CAD545700913712 /* ProductListModelCell.xib */; };
		7911F3DF1CAA6AFA0084006F /* main.m in Sources */ = {isa = PBXBuildFile; fileRef = 7911F3DE1CAA6AFA0084006F /* main.m */; };
		7911F3E21CAA6AFA0084006F /* AppDelegate.m in Sources */ = {isa = PBXBuildFile; fileRef = 7911F3E11CAA6AFA0084006F /* AppDelegate.m */; };
		7911F3ED1CAA6AFA0084006F /* LaunchScreen.storyboard in Resources */ = {isa = PBXBuildFile; fileRef = 7911F3EB1CAA6AFA0084006F /* LaunchScreen.storyboard */; };
		7911F3F81CAA6AFA0084006F /* LeisureTests.m in Sources */ = {isa = PBXBuildFile; fileRef = 7911F3F71CAA6AFA0084006F /* LeisureTests.m */; };
		7911F4031CAA6AFA0084006F /* LeisureUITests.m in Sources */ = {isa = PBXBuildFile; fileRef = 7911F4021CAA6AFA0084006F /* LeisureUITests.m */; };
		7911F44C1CAA6B530084006F /* BaseModel.m in Sources */ = {isa = PBXBuildFile; fileRef = 7911F4121CAA6B530084006F /* BaseModel.m */; };
		7911F44D1CAA6B530084006F /* BaseViewController.m in Sources */ = {isa = PBXBuildFile; fileRef = 7911F4141CAA6B530084006F /* BaseViewController.m */; };
		7911F44E1CAA6B530084006F /* BaseViewController.xib in Resources */ = {isa = PBXBuildFile; fileRef = 7911F4151CAA6B530084006F /* BaseViewController.xib */; };
		7911F4631CAA6B530084006F /* ViewController.m in Sources */ = {isa = PBXBuildFile; fileRef = 7911F44B1CAA6B530084006F /* ViewController.m */; };
		7911F4651CAA6B8B0084006F /* Main.storyboard in Resources */ = {isa = PBXBuildFile; fileRef = 7911F4641CAA6B8B0084006F /* Main.storyboard */; };
		7911F4691CAA6D190084006F /* BaseCollectionViewCell.m in Sources */ = {isa = PBXBuildFile; fileRef = 7911F4671CAA6D190084006F /* BaseCollectionViewCell.m */; };
		7911F46A1CAA6D190084006F /* BaseCollectionViewCell.xib in Resources */ = {isa = PBXBuildFile; fileRef = 7911F4681CAA6D190084006F /* BaseCollectionViewCell.xib */; };
		79771E8A1CABEDB20077403D /* ProductCommentlistModel.m in Sources */ = {isa = PBXBuildFile; fileRef = 79771E471CABEDB20077403D /* ProductCommentlistModel.m */; };
		79771E8B1CABEDB20077403D /* ProductListModel.m in Sources */ = {isa = PBXBuildFile; fileRef = 79771E491CABEDB20077403D /* ProductListModel.m */; };
		79771E8C1CABEDB20077403D /* ProductUserInfoModel.m in Sources */ = {isa = PBXBuildFile; fileRef = 79771E4B1CABEDB20077403D /* ProductUserInfoModel.m */; };
		79771E8D1CABEDB20077403D /* ProductInfoViewController.m in Sources */ = {isa = PBXBuildFile; fileRef = 79771E4E1CABEDB20077403D /* ProductInfoViewController.m */; };
		79771E8E1CABEDB20077403D /* ProductInfoViewController.xib in Resources */ = {isa = PBXBuildFile; fileRef = 79771E4F1CABEDB20077403D /* ProductInfoViewController.xib */; };
		79771E8F1CABEDB20077403D /* ProductViewController.m in Sources */ = {isa = PBXBuildFile; fileRef = 79771E511CABEDB20077403D /* ProductViewController.m */; };
		79771E901CABEDB20077403D /* ProductViewController.xib in Resources */ = {isa = PBXBuildFile; fileRef = 79771E521CABEDB20077403D /* ProductViewController.xib */; };
		79771E911CABEDB20077403D /* RadioCarouselModel.m in Sources */ = {isa = PBXBuildFile; fileRef = 79771E571CABEDB20077403D /* RadioCarouselModel.m */; };
		79771E921CABEDB20077403D /* RadioListModel.m in Sources */ = {isa = PBXBuildFile; fileRef = 79771E591CABEDB20077403D /* RadioListModel.m */; };
		79771E931CABEDB20077403D /* RadioUserInfoModel.m in Sources */ = {isa = PBXBuildFile; fileRef = 79771E5B1CABEDB20077403D /* RadioUserInfoModel.m */; };
		79771E941CABEDB20077403D /* RadioDetailViewController.m in Sources */ = {isa = PBXBuildFile; fileRef = 79771E5E1CABEDB20077403D /* RadioDetailViewController.m */; };
		79771E951CABEDB20077403D /* RadioDetailViewController.xib in Resources */ = {isa = PBXBuildFile; fileRef = 79771E5F1CABEDB20077403D /* RadioDetailViewController.xib */; };
		79771E961CABEDB20077403D /* RadioPlayViewController.m in Sources */ = {isa = PBXBuildFile; fileRef = 79771E611CABEDB20077403D /* RadioPlayViewController.m */; };
		79771E971CABEDB20077403D /* RadioPlayViewController.xib in Resources */ = {isa = PBXBuildFile; fileRef = 79771E621CABEDB20077403D /* RadioPlayViewController.xib */; };
		79771E981CABEDB20077403D /* RadioViewController.m in Sources */ = {isa = PBXBuildFile; fileRef = 79771E641CABEDB20077403D /* RadioViewController.m */; };
		79771E991CABEDB20077403D /* RadioViewController.xib in Resources */ = {isa = PBXBuildFile; fileRef = 79771E651CABEDB20077403D /* RadioViewController.xib */; };
		79771E9A1CABEDB20077403D /* ReadCarouselModel.m in Sources */ = {isa = PBXBuildFile; fileRef = 79771E6A1CABEDB20077403D /* ReadCarouselModel.m */; };
		79771E9B1CABEDB20077403D /* ReadDetailListModel.m in Sources */ = {isa = PBXBuildFile; fileRef = 79771E6C1CABEDB20077403D /* ReadDetailListModel.m */; };
		79771E9C1CABEDB20077403D /* ReadListModel.m in Sources */ = {isa = PBXBuildFile; fileRef = 79771E6E1CABEDB20077403D /* ReadListModel.m */; };
		79771E9D1CABEDB20077403D /* ReadDetailViewController.m in Sources */ = {isa = PBXBuildFile; fileRef = 79771E711CABEDB20077403D /* ReadDetailViewController.m */; };
		79771E9E1CABEDB20077403D /* ReadDetailViewController.xib in Resources */ = {isa = PBXBuildFile; fileRef = 79771E721CABEDB20077403D /* ReadDetailViewController.xib */; };
		79771E9F1CABEDB20077403D /* ReadInfoViewController.m in Sources */ = {isa = PBXBuildFile; fileRef = 79771E741CABEDB20077403D /* ReadInfoViewController.m */; };
		79771EA01CABEDB20077403D /* ReadInfoViewController.xib in Resources */ = {isa = PBXBuildFile; fileRef = 79771E751CABEDB20077403D /* ReadInfoViewController.xib */; };
		79771EA11CABEDB20077403D /* ReadViewController.m in Sources */ = {isa = PBXBuildFile; fileRef = 79771E771CABEDB20077403D /* ReadViewController.m */; };
		79771EA21CABEDB20077403D /* ReadViewController.xib in Resources */ = {isa = PBXBuildFile; fileRef = 79771E781CABEDB20077403D /* ReadViewController.xib */; };
		79771EA31CABEDB20077403D /* TopicCounterListModel.m in Sources */ = {isa = PBXBuildFile; fileRef = 79771E7D1CABEDB20077403D /* TopicCounterListModel.m */; };
		79771EA41CABEDB20077403D /* TopicListModel.m in Sources */ = {isa = PBXBuildFile; fileRef = 79771E7F1CABEDB20077403D /* TopicListModel.m */; };
		79771EA51CABEDB20077403D /* TopicUserInfoModel.m in Sources */ = {isa = PBXBuildFile; fileRef = 79771E811CABEDB20077403D /* TopicUserInfoModel.m */; };
		79771EA61CABEDB20077403D /* TopicInfoViewController.m in Sources */ = {isa = PBXBuildFile; fileRef = 79771E841CABEDB20077403D /* TopicInfoViewController.m */; };
		79771EA71CABEDB20077403D /* TopicInfoViewController.xib in Resources */ = {isa = PBXBuildFile; fileRef = 79771E851CABEDB20077403D /* TopicInfoViewController.xib */; };
		79771EA81CABEDB20077403D /* TopicViewController.m in Sources */ = {isa = PBXBuildFile; fileRef = 79771E871CABEDB20077403D /* TopicViewController.m */; };
		79771EA91CABEDB20077403D /* TopicViewController.xib in Resources */ = {isa = PBXBuildFile; fileRef = 79771E881CABEDB20077403D /* TopicViewController.xib */; };
		79771EAD1CABEE3F0077403D /* NetWorkrequestManage.m in Sources */ = {isa = PBXBuildFile; fileRef = 79771EAC1CABEE3F0077403D /* NetWorkrequestManage.m */; };
		799214951CB145F1006C153D /* Images.xcassets in Resources */ = {isa = PBXBuildFile; fileRef = 799214941CB145F1006C153D /* Images.xcassets */; };
		79BE2BD81CB6477300AB3C17 /* RadioPlayListCell.m in Sources */ = {isa = PBXBuildFile; fileRef = 79BE2BD61CB6477300AB3C17 /* RadioPlayListCell.m */; };
		79BE2BD91CB6477300AB3C17 /* RadioPlayListCell.xib in Resources */ = {isa = PBXBuildFile; fileRef = 79BE2BD71CB6477300AB3C17 /* RadioPlayListCell.xib */; };
		79C034371CACD40600AA5478 /* ReadDetailListModelCell.m in Sources */ = {isa = PBXBuildFile; fileRef = 79C034361CACD40600AA5478 /* ReadDetailListModelCell.m */; };
		79C034391CACD41800AA5478 /* ReadDetailListModelCell.xib in Resources */ = {isa = PBXBuildFile; fileRef = 79C034381CACD41800AA5478 /* ReadDetailListModelCell.xib */; };
		79C0343E1CAD0DE000AA5478 /* RadioListModelCell.m in Sources */ = {isa = PBXBuildFile; fileRef = 79C0343D1CAD0DE000AA5478 /* RadioListModelCell.m */; };
		79C034401CAD0DEF00AA5478 /* RadioListModelCell.xib in Resources */ = {isa = PBXBuildFile; fileRef = 79C0343F1CAD0DEF00AA5478 /* RadioListModelCell.xib */; };
		79C034421CAD19C000AA5478 /* RadioAllListHeaderView.xib in Resources */ = {isa = PBXBuildFile; fileRef = 79C034411CAD19C000AA5478 /* RadioAllListHeaderView.xib */; };
		79C034451CAD245600AA5478 /* RadioDetailListModel.m in Sources */ = {isa = PBXBuildFile; fileRef = 79C034441CAD245600AA5478 /* RadioDetailListModel.m */; };
		79C034481CAD258000AA5478 /* RadioDetailListModelCell.m in Sources */ = {isa = PBXBuildFile; fileRef = 79C034471CAD258000AA5478 /* RadioDetailListModelCell.m */; };
		79C0344A1CAD259200AA5478 /* RadioDetailListModelCell.xib in Resources */ = {isa = PBXBuildFile; fileRef = 79C034491CAD259200AA5478 /* RadioDetailListModelCell.xib */; };
		79C0344C1CAD409800AA5478 /* RadioDetailListHeaderView.xib in Resources */ = {isa = PBXBuildFile; fileRef = 79C0344B1CAD409800AA5478 /* RadioDetailListHeaderView.xib */; };
		79D2C7611CB79C2B00302F67 /* LoginViewController.m in Sources */ = {isa = PBXBuildFile; fileRef = 79D2C75F1CB79C2B00302F67 /* LoginViewController.m */; };
		79D2C7621CB79C2B00302F67 /* LoginViewController.xib in Resources */ = {isa = PBXBuildFile; fileRef = 79D2C7601CB79C2B00302F67 /* LoginViewController.xib */; };
		79D2C7691CB79C4900302F67 /* RegistViewController.m in Sources */ = {isa = PBXBuildFile; fileRef = 79D2C7671CB79C4900302F67 /* RegistViewController.m */; };
		79D2C76A1CB79C4900302F67 /* RegistViewController.xib in Resources */ = {isa = PBXBuildFile; fileRef = 79D2C7681CB79C4900302F67 /* RegistViewController.xib */; };
		79D2C76D1CB7A04200302F67 /* UserInfoManager.m in Sources */ = {isa = PBXBuildFile; fileRef = 79D2C76C1CB7A04200302F67 /* UserInfoManager.m */; };
		79D2C7761CB7F31900302F67 /* ReadCommontListViewController.m in Sources */ = {isa = PBXBuildFile; fileRef = 79D2C7741CB7F31900302F67 /* ReadCommontListViewController.m */; };
		79D2C7771CB7F31900302F67 /* ReadCommontListViewController.xib in Resources */ = {isa = PBXBuildFile; fileRef = 79D2C7751CB7F31900302F67 /* ReadCommontListViewController.xib */; };
		79D2C77A1CB7F72300302F67 /* ReadCommontModel.m in Sources */ = {isa = PBXBuildFile; fileRef = 79D2C7791CB7F72300302F67 /* ReadCommontModel.m */; };
		79D2C77D1CB7F7C900302F67 /* ReadCommontModelCell.m in Sources */ = {isa = PBXBuildFile; fileRef = 79D2C77C1CB7F7C900302F67 /* ReadCommontModelCell.m */; };
		79D2C7821CB7F80A00302F67 /* ReadUserInfoModel.m in Sources */ = {isa = PBXBuildFile; fileRef = 79D2C7811CB7F80A00302F67 /* ReadUserInfoModel.m */; };
		79E08D441CB4DF6400FDD35B /* PlayerManager.m in Sources */ = {isa = PBXBuildFile; fileRef = 79E08D431CB4DF6400FDD35B /* PlayerManager.m */; };
		79E08D4A1CB4E78E00FDD35B /* RadioInfoModel.m in Sources */ = {isa = PBXBuildFile; fileRef = 79E08D491CB4E78E00FDD35B /* RadioInfoModel.m */; };
		79E08D4D1CB4E90D00FDD35B /* RadioPlayInfoModel.m in Sources */ = {isa = PBXBuildFile; fileRef = 79E08D4C1CB4E90D00FDD35B /* RadioPlayInfoModel.m */; };
		79E08D551CB4FB5B00FDD35B /* RadioPlayView.m in Sources */ = {isa = PBXBuildFile; fileRef = 79E08D541CB4FB5B00FDD35B /* RadioPlayView.m */; };
		79E08D571CB4FBAD00FDD35B /* RadioPlayView.xib in Resources */ = {isa = PBXBuildFile; fileRef = 79E08D561CB4FBAD00FDD35B /* RadioPlayView.xib */; };
		79E0F01D1CACB7EA002D451F /* BaseTableViewCell.m in Sources */ = {isa = PBXBuildFile; fileRef = 79E0F01B1CACB7EA002D451F /* BaseTableViewCell.m */; };
		79E0F01E1CACB7EA002D451F /* BaseTableViewCell.xib in Resources */ = {isa = PBXBuildFile; fileRef = 79E0F01C1CACB7EA002D451F /* BaseTableViewCell.xib */; };
		79E0F0211CACB919002D451F /* FactoryTableViewCell.m in Sources */ = {isa = PBXBuildFile; fileRef = 79E0F0201CACB919002D451F /* FactoryTableViewCell.m */; };
		79E0F0241CACBBCD002D451F /* FactoryCollectionViewCell.m in Sources */ = {isa = PBXBuildFile; fileRef = 79E0F0231CACBBCD002D451F /* FactoryCollectionViewCell.m */; };
		79E0F0271CACC0FC002D451F /* ReadListModelCell.m in Sources */ = {isa = PBXBuildFile; fileRef = 79E0F0261CACC0FC002D451F /* ReadListModelCell.m */; };
		79E0F0291CACC128002D451F /* ReadListModelCell.xib in Resources */ = {isa = PBXBuildFile; fileRef = 79E0F0281CACC128002D451F /* ReadListModelCell.xib */; };
		79E77C251CB8923400DBBB97 /* KeyBoardView.m in Sources */ = {isa = PBXBuildFile; fileRef = 79E77C241CB8923400DBBB97 /* KeyBoardView.m */; };
		79FCAEC41CB699D100A26397 /* style.css in Resources */ = {isa = PBXBuildFile; fileRef = 79FCAEC31CB699D100A26397 /* style.css */; };
		79FCAEC71CB699D900A26397 /* NSString+Html.m in Sources */ = {isa = PBXBuildFile; fileRef = 79FCAEC61CB699D900A26397 /* NSString+Html.m */; };
/* End PBXBuildFile section */

/* Begin PBXContainerItemProxy section */
		7911F3F41CAA6AFA0084006F /* PBXContainerItemProxy */ = {
			isa = PBXContainerItemProxy;
			containerPortal = 7911F3D21CAA6AFA0084006F /* Project object */;
			proxyType = 1;
			remoteGlobalIDString = 7911F3D91CAA6AFA0084006F;
			remoteInfo = Leisure;
		};
		7911F3FF1CAA6AFA0084006F /* PBXContainerItemProxy */ = {
			isa = PBXContainerItemProxy;
			containerPortal = 7911F3D21CAA6AFA0084006F /* Project object */;
			proxyType = 1;
			remoteGlobalIDString = 7911F3D91CAA6AFA0084006F;
			remoteInfo = Leisure;
		};
/* End PBXContainerItemProxy section */

/* Begin PBXFileReference section */
		52EE051F52118142E4C2B914 /* libPods-Leisure.a */ = {isa = PBXFileReference; explicitFileType = archive.ar; includeInIndex = 0; path = "libPods-Leisure.a"; sourceTree = BUILT_PRODUCTS_DIR; };
		694E9095F59869E92B16FB58 /* Pods-Leisure.release.xcconfig */ = {isa = PBXFileReference; includeInIndex = 1; lastKnownFileType = text.xcconfig; name = "Pods-Leisure.release.xcconfig"; path = "Pods/Target Support Files/Pods-Leisure/Pods-Leisure.release.xcconfig"; sourceTree = "<group>"; };
		7911953F1CAD445800913712 /* RadioDetailListHeaderView.h */ = {isa = PBXFileReference; fileEncoding = 4; lastKnownFileType = sourcecode.c.h; path = RadioDetailListHeaderView.h; sourceTree = "<group>"; };
		791195401CAD445800913712 /* RadioDetailListHeaderView.m */ = {isa = PBXFileReference; fileEncoding = 4; lastKnownFileType = sourcecode.c.objc; path = RadioDetailListHeaderView.m; sourceTree = "<group>"; };
		791195421CAD482100913712 /* TopicListModelCell.h */ = {isa = PBXFileReference; fileEncoding = 4; lastKnownFileType = sourcecode.c.h; path = TopicListModelCell.h; sourceTree = "<group>"; };
		791195431CAD482100913712 /* TopicListModelCell.m */ = {isa = PBXFileReference; fileEncoding = 4; lastKnownFileType = sourcecode.c.objc; path = TopicListModelCell.m; sourceTree = "<group>"; };
		791195471CAD543900913712 /* ProductListModelCell.h */ = {isa = PBXFileReference; fileEncoding = 4; lastKnownFileType = sourcecode.c.h; path = ProductListModelCell.h; sourceTree = "<group>"; };
		791195481CAD543900913712 /* ProductListModelCell.m */ = {isa = PBXFileReference; fileEncoding = 4; lastKnownFileType = sourcecode.c.objc; path = ProductListModelCell.m; sourceTree = "<group>"; };
		7911954A1CAD545700913712 /* ProductListModelCell.xib */ = {isa = PBXFileReference; fileEncoding = 4; lastKnownFileType = file.xib; path = ProductListModelCell.xib; sourceTree = "<group>"; };
		7911F3DA1CAA6AFA0084006F /* Leisure.app */ = {isa = PBXFileReference; explicitFileType = wrapper.application; includeInIndex = 0; path = Leisure.app; sourceTree = BUILT_PRODUCTS_DIR; };
		7911F3DE1CAA6AFA0084006F /* main.m */ = {isa = PBXFileReference; lastKnownFileType = sourcecode.c.objc; path = main.m; sourceTree = "<group>"; };
		7911F3E01CAA6AFA0084006F /* AppDelegate.h */ = {isa = PBXFileReference; lastKnownFileType = sourcecode.c.h; path = AppDelegate.h; sourceTree = "<group>"; };
		7911F3E11CAA6AFA0084006F /* AppDelegate.m */ = {isa = PBXFileReference; lastKnownFileType = sourcecode.c.objc; path = AppDelegate.m; sourceTree = "<group>"; };
		7911F3EC1CAA6AFA0084006F /* Base */ = {isa = PBXFileReference; lastKnownFileType = file.storyboard; name = Base; path = Base.lproj/LaunchScreen.storyboard; sourceTree = "<group>"; };
		7911F3EE1CAA6AFA0084006F /* Info.plist */ = {isa = PBXFileReference; lastKnownFileType = text.plist.xml; path = Info.plist; sourceTree = "<group>"; };
		7911F3F31CAA6AFA0084006F /* LeisureTests.xctest */ = {isa = PBXFileReference; explicitFileType = wrapper.cfbundle; includeInIndex = 0; path = LeisureTests.xctest; sourceTree = BUILT_PRODUCTS_DIR; };
		7911F3F71CAA6AFA0084006F /* LeisureTests.m */ = {isa = PBXFileReference; lastKnownFileType = sourcecode.c.objc; path = LeisureTests.m; sourceTree = "<group>"; };
		7911F3F91CAA6AFA0084006F /* Info.plist */ = {isa = PBXFileReference; lastKnownFileType = text.plist.xml; path = Info.plist; sourceTree = "<group>"; };
		7911F3FE1CAA6AFA0084006F /* LeisureUITests.xctest */ = {isa = PBXFileReference; explicitFileType = wrapper.cfbundle; includeInIndex = 0; path = LeisureUITests.xctest; sourceTree = BUILT_PRODUCTS_DIR; };
		7911F4021CAA6AFA0084006F /* LeisureUITests.m */ = {isa = PBXFileReference; lastKnownFileType = sourcecode.c.objc; path = LeisureUITests.m; sourceTree = "<group>"; };
		7911F4041CAA6AFA0084006F /* Info.plist */ = {isa = PBXFileReference; lastKnownFileType = text.plist.xml; path = Info.plist; sourceTree = "<group>"; };
		7911F4111CAA6B530084006F /* BaseModel.h */ = {isa = PBXFileReference; fileEncoding = 4; lastKnownFileType = sourcecode.c.h; path = BaseModel.h; sourceTree = "<group>"; };
		7911F4121CAA6B530084006F /* BaseModel.m */ = {isa = PBXFileReference; fileEncoding = 4; lastKnownFileType = sourcecode.c.objc; path = BaseModel.m; sourceTree = "<group>"; };
		7911F4131CAA6B530084006F /* BaseViewController.h */ = {isa = PBXFileReference; fileEncoding = 4; lastKnownFileType = sourcecode.c.h; path = BaseViewController.h; sourceTree = "<group>"; };
		7911F4141CAA6B530084006F /* BaseViewController.m */ = {isa = PBXFileReference; fileEncoding = 4; lastKnownFileType = sourcecode.c.objc; path = BaseViewController.m; sourceTree = "<group>"; };
		7911F4151CAA6B530084006F /* BaseViewController.xib */ = {isa = PBXFileReference; fileEncoding = 4; lastKnownFileType = file.xib; path = BaseViewController.xib; sourceTree = "<group>"; };
		7911F44A1CAA6B530084006F /* ViewController.h */ = {isa = PBXFileReference; fileEncoding = 4; lastKnownFileType = sourcecode.c.h; path = ViewController.h; sourceTree = "<group>"; };
		7911F44B1CAA6B530084006F /* ViewController.m */ = {isa = PBXFileReference; fileEncoding = 4; lastKnownFileType = sourcecode.c.objc; path = ViewController.m; sourceTree = "<group>"; };
		7911F4641CAA6B8B0084006F /* Main.storyboard */ = {isa = PBXFileReference; fileEncoding = 4; lastKnownFileType = file.storyboard; path = Main.storyboard; sourceTree = "<group>"; };
		7911F4661CAA6D190084006F /* BaseCollectionViewCell.h */ = {isa = PBXFileReference; fileEncoding = 4; lastKnownFileType = sourcecode.c.h; path = BaseCollectionViewCell.h; sourceTree = "<group>"; };
		7911F4671CAA6D190084006F /* BaseCollectionViewCell.m */ = {isa = PBXFileReference; fileEncoding = 4; lastKnownFileType = sourcecode.c.objc; path = BaseCollectionViewCell.m; sourceTree = "<group>"; };
		7911F4681CAA6D190084006F /* BaseCollectionViewCell.xib */ = {isa = PBXFileReference; fileEncoding = 4; lastKnownFileType = file.xib; path = BaseCollectionViewCell.xib; sourceTree = "<group>"; };
		7911F46C1CAA6D930084006F /* ConstantsDefine.h */ = {isa = PBXFileReference; lastKnownFileType = sourcecode.c.h; path = ConstantsDefine.h; sourceTree = "<group>"; };
		7911F46D1CAA71370084006F /* PianKe-Prefix.pch */ = {isa = PBXFileReference; lastKnownFileType = sourcecode.c.h; path = "PianKe-Prefix.pch"; sourceTree = "<group>"; };
		79771E461CABEDB20077403D /* ProductCommentlistModel.h */ = {isa = PBXFileReference; fileEncoding = 4; lastKnownFileType = sourcecode.c.h; path = ProductCommentlistModel.h; sourceTree = "<group>"; };
		79771E471CABEDB20077403D /* ProductCommentlistModel.m */ = {isa = PBXFileReference; fileEncoding = 4; lastKnownFileType = sourcecode.c.objc; path = ProductCommentlistModel.m; sourceTree = "<group>"; };
		79771E481CABEDB20077403D /* ProductListModel.h */ = {isa = PBXFileReference; fileEncoding = 4; lastKnownFileType = sourcecode.c.h; path = ProductListModel.h; sourceTree = "<group>"; };
		79771E491CABEDB20077403D /* ProductListModel.m */ = {isa = PBXFileReference; fileEncoding = 4; lastKnownFileType = sourcecode.c.objc; path = ProductListModel.m; sourceTree = "<group>"; };
		79771E4A1CABEDB20077403D /* ProductUserInfoModel.h */ = {isa = PBXFileReference; fileEncoding = 4; lastKnownFileType = sourcecode.c.h; path = ProductUserInfoModel.h; sourceTree = "<group>"; };
		79771E4B1CABEDB20077403D /* ProductUserInfoModel.m */ = {isa = PBXFileReference; fileEncoding = 4; lastKnownFileType = sourcecode.c.objc; path = ProductUserInfoModel.m; sourceTree = "<group>"; };
		79771E4D1CABEDB20077403D /* ProductInfoViewController.h */ = {isa = PBXFileReference; fileEncoding = 4; lastKnownFileType = sourcecode.c.h; path = ProductInfoViewController.h; sourceTree = "<group>"; };
		79771E4E1CABEDB20077403D /* ProductInfoViewController.m */ = {isa = PBXFileReference; fileEncoding = 4; lastKnownFileType = sourcecode.c.objc; path = ProductInfoViewController.m; sourceTree = "<group>"; };
		79771E4F1CABEDB20077403D /* ProductInfoViewController.xib */ = {isa = PBXFileReference; fileEncoding = 4; lastKnownFileType = file.xib; path = ProductInfoViewController.xib; sourceTree = "<group>"; };
		79771E501CABEDB20077403D /* ProductViewController.h */ = {isa = PBXFileReference; fileEncoding = 4; lastKnownFileType = sourcecode.c.h; path = ProductViewController.h; sourceTree = "<group>"; };
		79771E511CABEDB20077403D /* ProductViewController.m */ = {isa = PBXFileReference; fileEncoding = 4; lastKnownFileType = sourcecode.c.objc; path = ProductViewController.m; sourceTree = "<group>"; };
		79771E521CABEDB20077403D /* ProductViewController.xib */ = {isa = PBXFileReference; fileEncoding = 4; lastKnownFileType = file.xib; path = ProductViewController.xib; sourceTree = "<group>"; };
		79771E561CABEDB20077403D /* RadioCarouselModel.h */ = {isa = PBXFileReference; fileEncoding = 4; lastKnownFileType = sourcecode.c.h; path = RadioCarouselModel.h; sourceTree = "<group>"; };
		79771E571CABEDB20077403D /* RadioCarouselModel.m */ = {isa = PBXFileReference; fileEncoding = 4; lastKnownFileType = sourcecode.c.objc; path = RadioCarouselModel.m; sourceTree = "<group>"; };
		79771E581CABEDB20077403D /* RadioListModel.h */ = {isa = PBXFileReference; fileEncoding = 4; lastKnownFileType = sourcecode.c.h; path = RadioListModel.h; sourceTree = "<group>"; };
		79771E591CABEDB20077403D /* RadioListModel.m */ = {isa = PBXFileReference; fileEncoding = 4; lastKnownFileType = sourcecode.c.objc; path = RadioListModel.m; sourceTree = "<group>"; };
		79771E5A1CABEDB20077403D /* RadioUserInfoModel.h */ = {isa = PBXFileReference; fileEncoding = 4; lastKnownFileType = sourcecode.c.h; path = RadioUserInfoModel.h; sourceTree = "<group>"; };
		79771E5B1CABEDB20077403D /* RadioUserInfoModel.m */ = {isa = PBXFileReference; fileEncoding = 4; lastKnownFileType = sourcecode.c.objc; path = RadioUserInfoModel.m; sourceTree = "<group>"; };
		79771E5D1CABEDB20077403D /* RadioDetailViewController.h */ = {isa = PBXFileReference; fileEncoding = 4; lastKnownFileType = sourcecode.c.h; path = RadioDetailViewController.h; sourceTree = "<group>"; };
		79771E5E1CABEDB20077403D /* RadioDetailViewController.m */ = {isa = PBXFileReference; fileEncoding = 4; lastKnownFileType = sourcecode.c.objc; path = RadioDetailViewController.m; sourceTree = "<group>"; };
		79771E5F1CABEDB20077403D /* RadioDetailViewController.xib */ = {isa = PBXFileReference; fileEncoding = 4; lastKnownFileType = file.xib; path = RadioDetailViewController.xib; sourceTree = "<group>"; };
		79771E601CABEDB20077403D /* RadioPlayViewController.h */ = {isa = PBXFileReference; fileEncoding = 4; lastKnownFileType = sourcecode.c.h; path = RadioPlayViewController.h; sourceTree = "<group>"; };
		79771E611CABEDB20077403D /* RadioPlayViewController.m */ = {isa = PBXFileReference; fileEncoding = 4; lastKnownFileType = sourcecode.c.objc; path = RadioPlayViewController.m; sourceTree = "<group>"; };
		79771E621CABEDB20077403D /* RadioPlayViewController.xib */ = {isa = PBXFileReference; fileEncoding = 4; lastKnownFileType = file.xib; path = RadioPlayViewController.xib; sourceTree = "<group>"; };
		79771E631CABEDB20077403D /* RadioViewController.h */ = {isa = PBXFileReference; fileEncoding = 4; lastKnownFileType = sourcecode.c.h; path = RadioViewController.h; sourceTree = "<group>"; };
		79771E641CABEDB20077403D /* RadioViewController.m */ = {isa = PBXFileReference; fileEncoding = 4; lastKnownFileType = sourcecode.c.objc; path = RadioViewController.m; sourceTree = "<group>"; };
		79771E651CABEDB20077403D /* RadioViewController.xib */ = {isa = PBXFileReference; fileEncoding = 4; lastKnownFileType = file.xib; path = RadioViewController.xib; sourceTree = "<group>"; };
		79771E691CABEDB20077403D /* ReadCarouselModel.h */ = {isa = PBXFileReference; fileEncoding = 4; lastKnownFileType = sourcecode.c.h; path = ReadCarouselModel.h; sourceTree = "<group>"; };
		79771E6A1CABEDB20077403D /* ReadCarouselModel.m */ = {isa = PBXFileReference; fileEncoding = 4; lastKnownFileType = sourcecode.c.objc; path = ReadCarouselModel.m; sourceTree = "<group>"; };
		79771E6B1CABEDB20077403D /* ReadDetailListModel.h */ = {isa = PBXFileReference; fileEncoding = 4; lastKnownFileType = sourcecode.c.h; path = ReadDetailListModel.h; sourceTree = "<group>"; };
		79771E6C1CABEDB20077403D /* ReadDetailListModel.m */ = {isa = PBXFileReference; fileEncoding = 4; lastKnownFileType = sourcecode.c.objc; path = ReadDetailListModel.m; sourceTree = "<group>"; };
		79771E6D1CABEDB20077403D /* ReadListModel.h */ = {isa = PBXFileReference; fileEncoding = 4; lastKnownFileType = sourcecode.c.h; path = ReadListModel.h; sourceTree = "<group>"; };
		79771E6E1CABEDB20077403D /* ReadListModel.m */ = {isa = PBXFileReference; fileEncoding = 4; lastKnownFileType = sourcecode.c.objc; path = ReadListModel.m; sourceTree = "<group>"; };
		79771E701CABEDB20077403D /* ReadDetailViewController.h */ = {isa = PBXFileReference; fileEncoding = 4; lastKnownFileType = sourcecode.c.h; path = ReadDetailViewController.h; sourceTree = "<group>"; };
		79771E711CABEDB20077403D /* ReadDetailViewController.m */ = {isa = PBXFileReference; fileEncoding = 4; lastKnownFileType = sourcecode.c.objc; path = ReadDetailViewController.m; sourceTree = "<group>"; };
		79771E721CABEDB20077403D /* ReadDetailViewController.xib */ = {isa = PBXFileReference; fileEncoding = 4; lastKnownFileType = file.xib; path = ReadDetailViewController.xib; sourceTree = "<group>"; };
		79771E731CABEDB20077403D /* ReadInfoViewController.h */ = {isa = PBXFileReference; fileEncoding = 4; lastKnownFileType = sourcecode.c.h; path = ReadInfoViewController.h; sourceTree = "<group>"; };
		79771E741CABEDB20077403D /* ReadInfoViewController.m */ = {isa = PBXFileReference; fileEncoding = 4; lastKnownFileType = sourcecode.c.objc; path = ReadInfoViewController.m; sourceTree = "<group>"; };
		79771E751CABEDB20077403D /* ReadInfoViewController.xib */ = {isa = PBXFileReference; fileEncoding = 4; lastKnownFileType = file.xib; path = ReadInfoViewController.xib; sourceTree = "<group>"; };
		79771E761CABEDB20077403D /* ReadViewController.h */ = {isa = PBXFileReference; fileEncoding = 4; lastKnownFileType = sourcecode.c.h; path = ReadViewController.h; sourceTree = "<group>"; };
		79771E771CABEDB20077403D /* ReadViewController.m */ = {isa = PBXFileReference; fileEncoding = 4; lastKnownFileType = sourcecode.c.objc; path = ReadViewController.m; sourceTree = "<group>"; };
		79771E781CABEDB20077403D /* ReadViewController.xib */ = {isa = PBXFileReference; fileEncoding = 4; lastKnownFileType = file.xib; path = ReadViewController.xib; sourceTree = "<group>"; };
		79771E7C1CABEDB20077403D /* TopicCounterListModel.h */ = {isa = PBXFileReference; fileEncoding = 4; lastKnownFileType = sourcecode.c.h; path = TopicCounterListModel.h; sourceTree = "<group>"; };
		79771E7D1CABEDB20077403D /* TopicCounterListModel.m */ = {isa = PBXFileReference; fileEncoding = 4; lastKnownFileType = sourcecode.c.objc; path = TopicCounterListModel.m; sourceTree = "<group>"; };
		79771E7E1CABEDB20077403D /* TopicListModel.h */ = {isa = PBXFileReference; fileEncoding = 4; lastKnownFileType = sourcecode.c.h; path = TopicListModel.h; sourceTree = "<group>"; };
		79771E7F1CABEDB20077403D /* TopicListModel.m */ = {isa = PBXFileReference; fileEncoding = 4; lastKnownFileType = sourcecode.c.objc; path = TopicListModel.m; sourceTree = "<group>"; };
		79771E801CABEDB20077403D /* TopicUserInfoModel.h */ = {isa = PBXFileReference; fileEncoding = 4; lastKnownFileType = sourcecode.c.h; path = TopicUserInfoModel.h; sourceTree = "<group>"; };
		79771E811CABEDB20077403D /* TopicUserInfoModel.m */ = {isa = PBXFileReference; fileEncoding = 4; lastKnownFileType = sourcecode.c.objc; path = TopicUserInfoModel.m; sourceTree = "<group>"; };
		79771E831CABEDB20077403D /* TopicInfoViewController.h */ = {isa = PBXFileReference; fileEncoding = 4; lastKnownFileType = sourcecode.c.h; path = TopicInfoViewController.h; sourceTree = "<group>"; };
		79771E841CABEDB20077403D /* TopicInfoViewController.m */ = {isa = PBXFileReference; fileEncoding = 4; lastKnownFileType = sourcecode.c.objc; path = TopicInfoViewController.m; sourceTree = "<group>"; };
		79771E851CABEDB20077403D /* TopicInfoViewController.xib */ = {isa = PBXFileReference; fileEncoding = 4; lastKnownFileType = file.xib; path = TopicInfoViewController.xib; sourceTree = "<group>"; };
		79771E861CABEDB20077403D /* TopicViewController.h */ = {isa = PBXFileReference; fileEncoding = 4; lastKnownFileType = sourcecode.c.h; path = TopicViewController.h; sourceTree = "<group>"; };
		79771E871CABEDB20077403D /* TopicViewController.m */ = {isa = PBXFileReference; fileEncoding = 4; lastKnownFileType = sourcecode.c.objc; path = TopicViewController.m; sourceTree = "<group>"; };
		79771E881CABEDB20077403D /* TopicViewController.xib */ = {isa = PBXFileReference; fileEncoding = 4; lastKnownFileType = file.xib; path = TopicViewController.xib; sourceTree = "<group>"; };
		79771EAA1CABEDEF0077403D /* UrlHeaderDefine.h */ = {isa = PBXFileReference; lastKnownFileType = sourcecode.c.h; path = UrlHeaderDefine.h; sourceTree = "<group>"; };
		79771EAB1CABEE3F0077403D /* NetWorkrequestManage.h */ = {isa = PBXFileReference; fileEncoding = 4; lastKnownFileType = sourcecode.c.h; path = NetWorkrequestManage.h; sourceTree = "<group>"; };
		79771EAC1CABEE3F0077403D /* NetWorkrequestManage.m */ = {isa = PBXFileReference; fileEncoding = 4; lastKnownFileType = sourcecode.c.objc; path = NetWorkrequestManage.m; sourceTree = "<group>"; };
		799214941CB145F1006C153D /* Images.xcassets */ = {isa = PBXFileReference; lastKnownFileType = folder.assetcatalog; path = Images.xcassets; sourceTree = "<group>"; };
		79BE2BD51CB6477300AB3C17 /* RadioPlayListCell.h */ = {isa = PBXFileReference; fileEncoding = 4; lastKnownFileType = sourcecode.c.h; path = RadioPlayListCell.h; sourceTree = "<group>"; };
		79BE2BD61CB6477300AB3C17 /* RadioPlayListCell.m */ = {isa = PBXFileReference; fileEncoding = 4; lastKnownFileType = sourcecode.c.objc; path = RadioPlayListCell.m; sourceTree = "<group>"; };
		79BE2BD71CB6477300AB3C17 /* RadioPlayListCell.xib */ = {isa = PBXFileReference; fileEncoding = 4; lastKnownFileType = file.xib; path = RadioPlayListCell.xib; sourceTree = "<group>"; };
		79C034351CACD40600AA5478 /* ReadDetailListModelCell.h */ = {isa = PBXFileReference; fileEncoding = 4; lastKnownFileType = sourcecode.c.h; path = ReadDetailListModelCell.h; sourceTree = "<group>"; };
		79C034361CACD40600AA5478 /* ReadDetailListModelCell.m */ = {isa = PBXFileReference; fileEncoding = 4; lastKnownFileType = sourcecode.c.objc; path = ReadDetailListModelCell.m; sourceTree = "<group>"; };
		79C034381CACD41800AA5478 /* ReadDetailListModelCell.xib */ = {isa = PBXFileReference; fileEncoding = 4; lastKnownFileType = file.xib; path = ReadDetailListModelCell.xib; sourceTree = "<group>"; };
		79C0343C1CAD0DE000AA5478 /* RadioListModelCell.h */ = {isa = PBXFileReference; fileEncoding = 4; lastKnownFileType = sourcecode.c.h; path = RadioListModelCell.h; sourceTree = "<group>"; };
		79C0343D1CAD0DE000AA5478 /* RadioListModelCell.m */ = {isa = PBXFileReference; fileEncoding = 4; lastKnownFileType = sourcecode.c.objc; path = RadioListModelCell.m; sourceTree = "<group>"; };
		79C0343F1CAD0DEF00AA5478 /* RadioListModelCell.xib */ = {isa = PBXFileReference; fileEncoding = 4; lastKnownFileType = file.xib; path = RadioListModelCell.xib; sourceTree = "<group>"; };
		79C034411CAD19C000AA5478 /* RadioAllListHeaderView.xib */ = {isa = PBXFileReference; fileEncoding = 4; lastKnownFileType = file.xib; path = RadioAllListHeaderView.xib; sourceTree = "<group>"; };
		79C034431CAD245600AA5478 /* RadioDetailListModel.h */ = {isa = PBXFileReference; fileEncoding = 4; lastKnownFileType = sourcecode.c.h; path = RadioDetailListModel.h; sourceTree = "<group>"; };
		79C034441CAD245600AA5478 /* RadioDetailListModel.m */ = {isa = PBXFileReference; fileEncoding = 4; lastKnownFileType = sourcecode.c.objc; path = RadioDetailListModel.m; sourceTree = "<group>"; };
		79C034461CAD258000AA5478 /* RadioDetailListModelCell.h */ = {isa = PBXFileReference; fileEncoding = 4; lastKnownFileType = sourcecode.c.h; path = RadioDetailListModelCell.h; sourceTree = "<group>"; };
		79C034471CAD258000AA5478 /* RadioDetailListModelCell.m */ = {isa = PBXFileReference; fileEncoding = 4; lastKnownFileType = sourcecode.c.objc; path = RadioDetailListModelCell.m; sourceTree = "<group>"; };
		79C034491CAD259200AA5478 /* RadioDetailListModelCell.xib */ = {isa = PBXFileReference; fileEncoding = 4; lastKnownFileType = file.xib; path = RadioDetailListModelCell.xib; sourceTree = "<group>"; };
		79C0344B1CAD409800AA5478 /* RadioDetailListHeaderView.xib */ = {isa = PBXFileReference; fileEncoding = 4; lastKnownFileType = file.xib; path = RadioDetailListHeaderView.xib; sourceTree = "<group>"; };
		79D2C75E1CB79C2B00302F67 /* LoginViewController.h */ = {isa = PBXFileReference; fileEncoding = 4; lastKnownFileType = sourcecode.c.h; path = LoginViewController.h; sourceTree = "<group>"; };
		79D2C75F1CB79C2B00302F67 /* LoginViewController.m */ = {isa = PBXFileReference; fileEncoding = 4; lastKnownFileType = sourcecode.c.objc; path = LoginViewController.m; sourceTree = "<group>"; };
		79D2C7601CB79C2B00302F67 /* LoginViewController.xib */ = {isa = PBXFileReference; fileEncoding = 4; lastKnownFileType = file.xib; path = LoginViewController.xib; sourceTree = "<group>"; };
		79D2C7661CB79C4900302F67 /* RegistViewController.h */ = {isa = PBXFileReference; fileEncoding = 4; lastKnownFileType = sourcecode.c.h; path = RegistViewController.h; sourceTree = "<group>"; };
		79D2C7671CB79C4900302F67 /* RegistViewController.m */ = {isa = PBXFileReference; fileEncoding = 4; lastKnownFileType = sourcecode.c.objc; path = RegistViewController.m; sourceTree = "<group>"; };
		79D2C7681CB79C4900302F67 /* RegistViewController.xib */ = {isa = PBXFileReference; fileEncoding = 4; lastKnownFileType = file.xib; path = RegistViewController.xib; sourceTree = "<group>"; };
		79D2C76B1CB7A04200302F67 /* UserInfoManager.h */ = {isa = PBXFileReference; fileEncoding = 4; lastKnownFileType = sourcecode.c.h; name = UserInfoManager.h; path = ../UserInfoManager.h; sourceTree = "<group>"; };
		79D2C76C1CB7A04200302F67 /* UserInfoManager.m */ = {isa = PBXFileReference; fileEncoding = 4; lastKnownFileType = sourcecode.c.objc; name = UserInfoManager.m; path = ../UserInfoManager.m; sourceTree = "<group>"; };
		79D2C7731CB7F31900302F67 /* ReadCommontListViewController.h */ = {isa = PBXFileReference; fileEncoding = 4; lastKnownFileType = sourcecode.c.h; path = ReadCommontListViewController.h; sourceTree = "<group>"; };
		79D2C7741CB7F31900302F67 /* ReadCommontListViewController.m */ = {isa = PBXFileReference; fileEncoding = 4; lastKnownFileType = sourcecode.c.objc; path = ReadCommontListViewController.m; sourceTree = "<group>"; };
		79D2C7751CB7F31900302F67 /* ReadCommontListViewController.xib */ = {isa = PBXFileReference; fileEncoding = 4; lastKnownFileType = file.xib; path = ReadCommontListViewController.xib; sourceTree = "<group>"; };
		79D2C7781CB7F72300302F67 /* ReadCommontModel.h */ = {isa = PBXFileReference; fileEncoding = 4; lastKnownFileType = sourcecode.c.h; path = ReadCommontModel.h; sourceTree = "<group>"; };
		79D2C7791CB7F72300302F67 /* ReadCommontModel.m */ = {isa = PBXFileReference; fileEncoding = 4; lastKnownFileType = sourcecode.c.objc; path = ReadCommontModel.m; sourceTree = "<group>"; };
		79D2C77B1CB7F7C900302F67 /* ReadCommontModelCell.h */ = {isa = PBXFileReference; fileEncoding = 4; lastKnownFileType = sourcecode.c.h; path = ReadCommontModelCell.h; sourceTree = "<group>"; };
		79D2C77C1CB7F7C900302F67 /* ReadCommontModelCell.m */ = {isa = PBXFileReference; fileEncoding = 4; lastKnownFileType = sourcecode.c.objc; path = ReadCommontModelCell.m; sourceTree = "<group>"; };
		79D2C7801CB7F80A00302F67 /* ReadUserInfoModel.h */ = {isa = PBXFileReference; fileEncoding = 4; lastKnownFileType = sourcecode.c.h; path = ReadUserInfoModel.h; sourceTree = "<group>"; };
		79D2C7811CB7F80A00302F67 /* ReadUserInfoModel.m */ = {isa = PBXFileReference; fileEncoding = 4; lastKnownFileType = sourcecode.c.objc; path = ReadUserInfoModel.m; sourceTree = "<group>"; };
		79E08D421CB4DF6400FDD35B /* PlayerManager.h */ = {isa = PBXFileReference; fileEncoding = 4; lastKnownFileType = sourcecode.c.h; path = PlayerManager.h; sourceTree = "<group>"; };
		79E08D431CB4DF6400FDD35B /* PlayerManager.m */ = {isa = PBXFileReference; fileEncoding = 4; lastKnownFileType = sourcecode.c.objc; path = PlayerManager.m; sourceTree = "<group>"; };
		79E08D481CB4E78E00FDD35B /* RadioInfoModel.h */ = {isa = PBXFileReference; fileEncoding = 4; lastKnownFileType = sourcecode.c.h; path = RadioInfoModel.h; sourceTree = "<group>"; };
		79E08D491CB4E78E00FDD35B /* RadioInfoModel.m */ = {isa = PBXFileReference; fileEncoding = 4; lastKnownFileType = sourcecode.c.objc; path = RadioInfoModel.m; sourceTree = "<group>"; };
		79E08D4B1CB4E90D00FDD35B /* RadioPlayInfoModel.h */ = {isa = PBXFileReference; fileEncoding = 4; lastKnownFileType = sourcecode.c.h; path = RadioPlayInfoModel.h; sourceTree = "<group>"; };
		79E08D4C1CB4E90D00FDD35B /* RadioPlayInfoModel.m */ = {isa = PBXFileReference; fileEncoding = 4; lastKnownFileType = sourcecode.c.objc; path = RadioPlayInfoModel.m; sourceTree = "<group>"; };
		79E08D531CB4FB5B00FDD35B /* RadioPlayView.h */ = {isa = PBXFileReference; fileEncoding = 4; lastKnownFileType = sourcecode.c.h; path = RadioPlayView.h; sourceTree = "<group>"; };
		79E08D541CB4FB5B00FDD35B /* RadioPlayView.m */ = {isa = PBXFileReference; fileEncoding = 4; lastKnownFileType = sourcecode.c.objc; path = RadioPlayView.m; sourceTree = "<group>"; };
		79E08D561CB4FBAD00FDD35B /* RadioPlayView.xib */ = {isa = PBXFileReference; fileEncoding = 4; lastKnownFileType = file.xib; path = RadioPlayView.xib; sourceTree = "<group>"; };
		79E0F01A1CACB7EA002D451F /* BaseTableViewCell.h */ = {isa = PBXFileReference; fileEncoding = 4; lastKnownFileType = sourcecode.c.h; path = BaseTableViewCell.h; sourceTree = "<group>"; };
		79E0F01B1CACB7EA002D451F /* BaseTableViewCell.m */ = {isa = PBXFileReference; fileEncoding = 4; lastKnownFileType = sourcecode.c.objc; path = BaseTableViewCell.m; sourceTree = "<group>"; };
		79E0F01C1CACB7EA002D451F /* BaseTableViewCell.xib */ = {isa = PBXFileReference; fileEncoding = 4; lastKnownFileType = file.xib; path = BaseTableViewCell.xib; sourceTree = "<group>"; };
		79E0F01F1CACB919002D451F /* FactoryTableViewCell.h */ = {isa = PBXFileReference; fileEncoding = 4; lastKnownFileType = sourcecode.c.h; path = FactoryTableViewCell.h; sourceTree = "<group>"; };
		79E0F0201CACB919002D451F /* FactoryTableViewCell.m */ = {isa = PBXFileReference; fileEncoding = 4; lastKnownFileType = sourcecode.c.objc; path = FactoryTableViewCell.m; sourceTree = "<group>"; };
		79E0F0221CACBBCD002D451F /* FactoryCollectionViewCell.h */ = {isa = PBXFileReference; fileEncoding = 4; lastKnownFileType = sourcecode.c.h; path = FactoryCollectionViewCell.h; sourceTree = "<group>"; };
		79E0F0231CACBBCD002D451F /* FactoryCollectionViewCell.m */ = {isa = PBXFileReference; fileEncoding = 4; lastKnownFileType = sourcecode.c.objc; path = FactoryCollectionViewCell.m; sourceTree = "<group>"; };
		79E0F0251CACC0FC002D451F /* ReadListModelCell.h */ = {isa = PBXFileReference; fileEncoding = 4; lastKnownFileType = sourcecode.c.h; path = ReadListModelCell.h; sourceTree = "<group>"; };
		79E0F0261CACC0FC002D451F /* ReadListModelCell.m */ = {isa = PBXFileReference; fileEncoding = 4; lastKnownFileType = sourcecode.c.objc; path = ReadListModelCell.m; sourceTree = "<group>"; };
		79E0F0281CACC128002D451F /* ReadListModelCell.xib */ = {isa = PBXFileReference; fileEncoding = 4; lastKnownFileType = file.xib; path = ReadListModelCell.xib; sourceTree = "<group>"; };
		79E77C231CB8923400DBBB97 /* KeyBoardView.h */ = {isa = PBXFileReference; fileEncoding = 4; lastKnownFileType = sourcecode.c.h; path = KeyBoardView.h; sourceTree = "<group>"; };
		79E77C241CB8923400DBBB97 /* KeyBoardView.m */ = {isa = PBXFileReference; fileEncoding = 4; lastKnownFileType = sourcecode.c.objc; path = KeyBoardView.m; sourceTree = "<group>"; };
		79FCAEC31CB699D100A26397 /* style.css */ = {isa = PBXFileReference; fileEncoding = 4; lastKnownFileType = text.css; path = style.css; sourceTree = "<group>"; };
		79FCAEC51CB699D900A26397 /* NSString+Html.h */ = {isa = PBXFileReference; fileEncoding = 4; lastKnownFileType = sourcecode.c.h; path = "NSString+Html.h"; sourceTree = "<group>"; };
		79FCAEC61CB699D900A26397 /* NSString+Html.m */ = {isa = PBXFileReference; fileEncoding = 4; lastKnownFileType = sourcecode.c.objc; path = "NSString+Html.m"; sourceTree = "<group>"; };
		B3C6FE2D696563F4A544AE57 /* Pods-Leisure.debug.xcconfig */ = {isa = PBXFileReference; includeInIndex = 1; lastKnownFileType = text.xcconfig; name = "Pods-Leisure.debug.xcconfig"; path = "Pods/Target Support Files/Pods-Leisure/Pods-Leisure.debug.xcconfig"; sourceTree = "<group>"; };
/* End PBXFileReference section */

/* Begin PBXFrameworksBuildPhase section */
		7911F3D71CAA6AFA0084006F /* Frameworks */ = {
			isa = PBXFrameworksBuildPhase;
			buildActionMask = 2147483647;
			files = (
				6BFE679ADCF3017678F362FD /* libPods-Leisure.a in Frameworks */,
			);
			runOnlyForDeploymentPostprocessing = 0;
		};
		7911F3F01CAA6AFA0084006F /* Frameworks */ = {
			isa = PBXFrameworksBuildPhase;
			buildActionMask = 2147483647;
			files = (
			);
			runOnlyForDeploymentPostprocessing = 0;
		};
		7911F3FB1CAA6AFA0084006F /* Frameworks */ = {
			isa = PBXFrameworksBuildPhase;
			buildActionMask = 2147483647;
			files = (
			);
			runOnlyForDeploymentPostprocessing = 0;
		};
/* End PBXFrameworksBuildPhase section */

/* Begin PBXGroup section */
		6C377A8E481AEFE349DD7F56 /* Pods */ = {
			isa = PBXGroup;
			children = (
				B3C6FE2D696563F4A544AE57 /* Pods-Leisure.debug.xcconfig */,
				694E9095F59869E92B16FB58 /* Pods-Leisure.release.xcconfig */,
			);
			name = Pods;
			sourceTree = "<group>";
		};
		7911F3D11CAA6AFA0084006F = {
			isa = PBXGroup;
			children = (
				7911F3DC1CAA6AFA0084006F /* Leisure */,
				7911F3F61CAA6AFA0084006F /* LeisureTests */,
				7911F4011CAA6AFA0084006F /* LeisureUITests */,
				7911F3DB1CAA6AFA0084006F /* Products */,
				6C377A8E481AEFE349DD7F56 /* Pods */,
				96FD657299D996A1CF1E90B6 /* Frameworks */,
			);
			sourceTree = "<group>";
		};
		7911F3DB1CAA6AFA0084006F /* Products */ = {
			isa = PBXGroup;
			children = (
				7911F3DA1CAA6AFA0084006F /* Leisure.app */,
				7911F3F31CAA6AFA0084006F /* LeisureTests.xctest */,
				7911F3FE1CAA6AFA0084006F /* LeisureUITests.xctest */,
			);
			name = Products;
			sourceTree = "<group>";
		};
		7911F3DC1CAA6AFA0084006F /* Leisure */ = {
			isa = PBXGroup;
			children = (
				7911F4101CAA6B530084006F /* Base */,
				7911F41A1CAA6B530084006F /* Document */,
				7911F43F1CAA6B530084006F /* Tools */,
				79771E421CABEDB20077403D /* CodeClass */,
				7911F44A1CAA6B530084006F /* ViewController.h */,
				7911F44B1CAA6B530084006F /* ViewController.m */,
				7911F3E01CAA6AFA0084006F /* AppDelegate.h */,
				7911F3E11CAA6AFA0084006F /* AppDelegate.m */,
				7911F4641CAA6B8B0084006F /* Main.storyboard */,
				7911F3DD1CAA6AFA0084006F /* Supporting Files */,
			);
			path = Leisure;
			sourceTree = "<group>";
		};
		7911F3DD1CAA6AFA0084006F /* Supporting Files */ = {
			isa = PBXGroup;
			children = (
				79FCAEC31CB699D100A26397 /* style.css */,
				799214941CB145F1006C153D /* Images.xcassets */,
				7911F3EB1CAA6AFA0084006F /* LaunchScreen.storyboard */,
				7911F3EE1CAA6AFA0084006F /* Info.plist */,
				7911F3DE1CAA6AFA0084006F /* main.m */,
			);
			name = "Supporting Files";
			sourceTree = "<group>";
		};
		7911F3F61CAA6AFA0084006F /* LeisureTests */ = {
			isa = PBXGroup;
			children = (
				7911F3F71CAA6AFA0084006F /* LeisureTests.m */,
				7911F3F91CAA6AFA0084006F /* Info.plist */,
			);
			path = LeisureTests;
			sourceTree = "<group>";
		};
		7911F4011CAA6AFA0084006F /* LeisureUITests */ = {
			isa = PBXGroup;
			children = (
				7911F4021CAA6AFA0084006F /* LeisureUITests.m */,
				7911F4041CAA6AFA0084006F /* Info.plist */,
			);
			path = LeisureUITests;
			sourceTree = "<group>";
		};
		7911F4101CAA6B530084006F /* Base */ = {
			isa = PBXGroup;
			children = (
				7911F4111CAA6B530084006F /* BaseModel.h */,
				7911F4121CAA6B530084006F /* BaseModel.m */,
				7911F4131CAA6B530084006F /* BaseViewController.h */,
				7911F4141CAA6B530084006F /* BaseViewController.m */,
				7911F4151CAA6B530084006F /* BaseViewController.xib */,
				7911F4661CAA6D190084006F /* BaseCollectionViewCell.h */,
				7911F4671CAA6D190084006F /* BaseCollectionViewCell.m */,
				7911F4681CAA6D190084006F /* BaseCollectionViewCell.xib */,
				79E0F01A1CACB7EA002D451F /* BaseTableViewCell.h */,
				79E0F01B1CACB7EA002D451F /* BaseTableViewCell.m */,
				79E0F01C1CACB7EA002D451F /* BaseTableViewCell.xib */,
				79E0F01F1CACB919002D451F /* FactoryTableViewCell.h */,
				79E0F0201CACB919002D451F /* FactoryTableViewCell.m */,
				79E0F0221CACBBCD002D451F /* FactoryCollectionViewCell.h */,
				79E0F0231CACBBCD002D451F /* FactoryCollectionViewCell.m */,
			);
			path = Base;
			sourceTree = "<group>";
		};
		7911F41A1CAA6B530084006F /* Document */ = {
			isa = PBXGroup;
			children = (
			);
			path = Document;
			sourceTree = "<group>";
		};
		7911F43F1CAA6B530084006F /* Tools */ = {
			isa = PBXGroup;
			children = (
				79E08D421CB4DF6400FDD35B /* PlayerManager.h */,
				79E08D431CB4DF6400FDD35B /* PlayerManager.m */,
				79FCAEC51CB699D900A26397 /* NSString+Html.h */,
				79FCAEC61CB699D900A26397 /* NSString+Html.m */,
				79771EAB1CABEE3F0077403D /* NetWorkrequestManage.h */,
				79771EAC1CABEE3F0077403D /* NetWorkrequestManage.m */,
				79771EAA1CABEDEF0077403D /* UrlHeaderDefine.h */,
				7911F46C1CAA6D930084006F /* ConstantsDefine.h */,
				79D2C76B1CB7A04200302F67 /* UserInfoManager.h */,
				79D2C76C1CB7A04200302F67 /* UserInfoManager.m */,
				7911F46D1CAA71370084006F /* PianKe-Prefix.pch */,
			);
			path = Tools;
			sourceTree = "<group>";
		};
		79771E421CABEDB20077403D /* CodeClass */ = {
			isa = PBXGroup;
			children = (
				79771E431CABEDB20077403D /* Meun */,
				79D2C75A1CB79B9700302F67 /* LoginAndRegist */,
				79771E671CABEDB20077403D /* Read */,
				79771E541CABEDB20077403D /* Radio */,
				79771E7A1CABEDB20077403D /* Topic */,
				79771E441CABEDB20077403D /* Product */,
			);
			path = CodeClass;
			sourceTree = "<group>";
		};
		79771E431CABEDB20077403D /* Meun */ = {
			isa = PBXGroup;
			children = (
			);
			path = Meun;
			sourceTree = "<group>";
		};
		79771E441CABEDB20077403D /* Product */ = {
			isa = PBXGroup;
			children = (
				79771E4C1CABEDB20077403D /* ViewControllers */,
				79771E531CABEDB20077403D /* Views */,
				79771E451CABEDB20077403D /* Models */,
			);
			path = Product;
			sourceTree = "<group>";
		};
		79771E451CABEDB20077403D /* Models */ = {
			isa = PBXGroup;
			children = (
				79771E481CABEDB20077403D /* ProductListModel.h */,
				79771E491CABEDB20077403D /* ProductListModel.m */,
				79771E4A1CABEDB20077403D /* ProductUserInfoModel.h */,
				79771E4B1CABEDB20077403D /* ProductUserInfoModel.m */,
				79771E461CABEDB20077403D /* ProductCommentlistModel.h */,
				79771E471CABEDB20077403D /* ProductCommentlistModel.m */,
			);
			path = Models;
			sourceTree = "<group>";
		};
		79771E4C1CABEDB20077403D /* ViewControllers */ = {
			isa = PBXGroup;
			children = (
				79771E501CABEDB20077403D /* ProductViewController.h */,
				79771E511CABEDB20077403D /* ProductViewController.m */,
				79771E521CABEDB20077403D /* ProductViewController.xib */,
				79771E4D1CABEDB20077403D /* ProductInfoViewController.h */,
				79771E4E1CABEDB20077403D /* ProductInfoViewController.m */,
				79771E4F1CABEDB20077403D /* ProductInfoViewController.xib */,
			);
			path = ViewControllers;
			sourceTree = "<group>";
		};
		79771E531CABEDB20077403D /* Views */ = {
			isa = PBXGroup;
			children = (
				791195471CAD543900913712 /* ProductListModelCell.h */,
				791195481CAD543900913712 /* ProductListModelCell.m */,
				7911954A1CAD545700913712 /* ProductListModelCell.xib */,
			);
			path = Views;
			sourceTree = "<group>";
		};
		79771E541CABEDB20077403D /* Radio */ = {
			isa = PBXGroup;
			children = (
				79771E5C1CABEDB20077403D /* ViewControllers */,
				79771E661CABEDB20077403D /* Views */,
				79771E551CABEDB20077403D /* Models */,
			);
			path = Radio;
			sourceTree = "<group>";
		};
		79771E551CABEDB20077403D /* Models */ = {
			isa = PBXGroup;
			children = (
				79771E581CABEDB20077403D /* RadioListModel.h */,
				79771E591CABEDB20077403D /* RadioListModel.m */,
				79771E561CABEDB20077403D /* RadioCarouselModel.h */,
				79771E571CABEDB20077403D /* RadioCarouselModel.m */,
				79771E5A1CABEDB20077403D /* RadioUserInfoModel.h */,
				79771E5B1CABEDB20077403D /* RadioUserInfoModel.m */,
				79C034431CAD245600AA5478 /* RadioDetailListModel.h */,
				79C034441CAD245600AA5478 /* RadioDetailListModel.m */,
				79E08D481CB4E78E00FDD35B /* RadioInfoModel.h */,
				79E08D491CB4E78E00FDD35B /* RadioInfoModel.m */,
				79E08D4B1CB4E90D00FDD35B /* RadioPlayInfoModel.h */,
				79E08D4C1CB4E90D00FDD35B /* RadioPlayInfoModel.m */,
			);
			path = Models;
			sourceTree = "<group>";
		};
		79771E5C1CABEDB20077403D /* ViewControllers */ = {
			isa = PBXGroup;
			children = (
				79771E631CABEDB20077403D /* RadioViewController.h */,
				79771E641CABEDB20077403D /* RadioViewController.m */,
				79771E651CABEDB20077403D /* RadioViewController.xib */,
				79771E5D1CABEDB20077403D /* RadioDetailViewController.h */,
				79771E5E1CABEDB20077403D /* RadioDetailViewController.m */,
				79771E5F1CABEDB20077403D /* RadioDetailViewController.xib */,
				79771E601CABEDB20077403D /* RadioPlayViewController.h */,
				79771E611CABEDB20077403D /* RadioPlayViewController.m */,
				79771E621CABEDB20077403D /* RadioPlayViewController.xib */,
			);
			path = ViewControllers;
			sourceTree = "<group>";
		};
		79771E661CABEDB20077403D /* Views */ = {
			isa = PBXGroup;
			children = (
				79C0343C1CAD0DE000AA5478 /* RadioListModelCell.h */,
				79C0343D1CAD0DE000AA5478 /* RadioListModelCell.m */,
				79C0343F1CAD0DEF00AA5478 /* RadioListModelCell.xib */,
				79C034411CAD19C000AA5478 /* RadioAllListHeaderView.xib */,
				79C034461CAD258000AA5478 /* RadioDetailListModelCell.h */,
				79C034471CAD258000AA5478 /* RadioDetailListModelCell.m */,
				79C034491CAD259200AA5478 /* RadioDetailListModelCell.xib */,
				7911953F1CAD445800913712 /* RadioDetailListHeaderView.h */,
				791195401CAD445800913712 /* RadioDetailListHeaderView.m */,
				79C0344B1CAD409800AA5478 /* RadioDetailListHeaderView.xib */,
				79E08D531CB4FB5B00FDD35B /* RadioPlayView.h */,
				79E08D541CB4FB5B00FDD35B /* RadioPlayView.m */,
				79E08D561CB4FBAD00FDD35B /* RadioPlayView.xib */,
				79BE2BD51CB6477300AB3C17 /* RadioPlayListCell.h */,
				79BE2BD61CB6477300AB3C17 /* RadioPlayListCell.m */,
				79BE2BD71CB6477300AB3C17 /* RadioPlayListCell.xib */,
			);
			path = Views;
			sourceTree = "<group>";
		};
		79771E671CABEDB20077403D /* Read */ = {
			isa = PBXGroup;
			children = (
				79771E6F1CABEDB20077403D /* ViewControllers */,
				79771E791CABEDB20077403D /* Views */,
				79771E681CABEDB20077403D /* Models */,
			);
			path = Read;
			sourceTree = "<group>";
		};
		79771E681CABEDB20077403D /* Models */ = {
			isa = PBXGroup;
			children = (
				79771E6D1CABEDB20077403D /* ReadListModel.h */,
				79771E6E1CABEDB20077403D /* ReadListModel.m */,
				79771E6B1CABEDB20077403D /* ReadDetailListModel.h */,
				79771E6C1CABEDB20077403D /* ReadDetailListModel.m */,
				79771E691CABEDB20077403D /* ReadCarouselModel.h */,
				79771E6A1CABEDB20077403D /* ReadCarouselModel.m */,
				79D2C7801CB7F80A00302F67 /* ReadUserInfoModel.h */,
				79D2C7811CB7F80A00302F67 /* ReadUserInfoModel.m */,
				79D2C7781CB7F72300302F67 /* ReadCommontModel.h */,
				79D2C7791CB7F72300302F67 /* ReadCommontModel.m */,
			);
			path = Models;
			sourceTree = "<group>";
		};
		79771E6F1CABEDB20077403D /* ViewControllers */ = {
			isa = PBXGroup;
			children = (
				79771E761CABEDB20077403D /* ReadViewController.h */,
				79771E771CABEDB20077403D /* ReadViewController.m */,
				79771E781CABEDB20077403D /* ReadViewController.xib */,
				79771E701CABEDB20077403D /* ReadDetailViewController.h */,
				79771E711CABEDB20077403D /* ReadDetailViewController.m */,
				79771E721CABEDB20077403D /* ReadDetailViewController.xib */,
				79771E731CABEDB20077403D /* ReadInfoViewController.h */,
				79771E741CABEDB20077403D /* ReadInfoViewController.m */,
				79771E751CABEDB20077403D /* ReadInfoViewController.xib */,
				79D2C7731CB7F31900302F67 /* ReadCommontListViewController.h */,
				79D2C7741CB7F31900302F67 /* ReadCommontListViewController.m */,
				79D2C7751CB7F31900302F67 /* ReadCommontListViewController.xib */,
			);
			path = ViewControllers;
			sourceTree = "<group>";
		};
		79771E791CABEDB20077403D /* Views */ = {
			isa = PBXGroup;
			children = (
				79E0F0251CACC0FC002D451F /* ReadListModelCell.h */,
				79E0F0261CACC0FC002D451F /* ReadListModelCell.m */,
				79E0F0281CACC128002D451F /* ReadListModelCell.xib */,
				79C034351CACD40600AA5478 /* ReadDetailListModelCell.h */,
				79C034361CACD40600AA5478 /* ReadDetailListModelCell.m */,
				79C034381CACD41800AA5478 /* ReadDetailListModelCell.xib */,
				79D2C77B1CB7F7C900302F67 /* ReadCommontModelCell.h */,
				79D2C77C1CB7F7C900302F67 /* ReadCommontModelCell.m */,
				79E77C231CB8923400DBBB97 /* KeyBoardView.h */,
				79E77C241CB8923400DBBB97 /* KeyBoardView.m */,
			);
			path = Views;
			sourceTree = "<group>";
		};
		79771E7A1CABEDB20077403D /* Topic */ = {
			isa = PBXGroup;
			children = (
				79771E821CABEDB20077403D /* ViewControllers */,
				79771E891CABEDB20077403D /* Views */,
				79771E7B1CABEDB20077403D /* Models */,
			);
			path = Topic;
			sourceTree = "<group>";
		};
		79771E7B1CABEDB20077403D /* Models */ = {
			isa = PBXGroup;
			children = (
				79771E7E1CABEDB20077403D /* TopicListModel.h */,
				79771E7F1CABEDB20077403D /* TopicListModel.m */,
				79771E7C1CABEDB20077403D /* TopicCounterListModel.h */,
				79771E7D1CABEDB20077403D /* TopicCounterListModel.m */,
				79771E801CABEDB20077403D /* TopicUserInfoModel.h */,
				79771E811CABEDB20077403D /* TopicUserInfoModel.m */,
			);
			path = Models;
			sourceTree = "<group>";
		};
		79771E821CABEDB20077403D /* ViewControllers */ = {
			isa = PBXGroup;
			children = (
				79771E861CABEDB20077403D /* TopicViewController.h */,
				79771E871CABEDB20077403D /* TopicViewController.m */,
				79771E881CABEDB20077403D /* TopicViewController.xib */,
				79771E831CABEDB20077403D /* TopicInfoViewController.h */,
				79771E841CABEDB20077403D /* TopicInfoViewController.m */,
				79771E851CABEDB20077403D /* TopicInfoViewController.xib */,
			);
			path = ViewControllers;
			sourceTree = "<group>";
		};
		79771E891CABEDB20077403D /* Views */ = {
			isa = PBXGroup;
			children = (
				791195421CAD482100913712 /* TopicListModelCell.h */,
				791195431CAD482100913712 /* TopicListModelCell.m */,
			);
			path = Views;
			sourceTree = "<group>";
		};
		79D2C75A1CB79B9700302F67 /* LoginAndRegist */ = {
			isa = PBXGroup;
			children = (
				79D2C75D1CB79BD000302F67 /* Controllers */,
				79D2C75C1CB79BC300302F67 /* Views */,
				79D2C75B1CB79BB100302F67 /* Models */,
			);
			path = LoginAndRegist;
			sourceTree = "<group>";
		};
		79D2C75B1CB79BB100302F67 /* Models */ = {
			isa = PBXGroup;
			children = (
			);
			path = Models;
			sourceTree = "<group>";
		};
		79D2C75C1CB79BC300302F67 /* Views */ = {
			isa = PBXGroup;
			children = (
			);
			path = Views;
			sourceTree = "<group>";
		};
		79D2C75D1CB79BD000302F67 /* Controllers */ = {
			isa = PBXGroup;
			children = (
				79D2C75E1CB79C2B00302F67 /* LoginViewController.h */,
				79D2C75F1CB79C2B00302F67 /* LoginViewController.m */,
				79D2C7601CB79C2B00302F67 /* LoginViewController.xib */,
				79D2C7661CB79C4900302F67 /* RegistViewController.h */,
				79D2C7671CB79C4900302F67 /* RegistViewController.m */,
				79D2C7681CB79C4900302F67 /* RegistViewController.xib */,
			);
			path = Controllers;
			sourceTree = "<group>";
		};
		96FD657299D996A1CF1E90B6 /* Frameworks */ = {
			isa = PBXGroup;
			children = (
				52EE051F52118142E4C2B914 /* libPods-Leisure.a */,
			);
			name = Frameworks;
			sourceTree = "<group>";
		};
/* End PBXGroup section */

/* Begin PBXNativeTarget section */
		7911F3D91CAA6AFA0084006F /* Leisure */ = {
			isa = PBXNativeTarget;
			buildConfigurationList = 7911F4071CAA6AFA0084006F /* Build configuration list for PBXNativeTarget "Leisure" */;
			buildPhases = (
				94CE4F3A4FC7F7F7F1A18943 /* Check Pods Manifest.lock */,
				7911F3D61CAA6AFA0084006F /* Sources */,
				7911F3D71CAA6AFA0084006F /* Frameworks */,
				7911F3D81CAA6AFA0084006F /* Resources */,
				64D15C40F8F0201FD3B4EC0C /* Embed Pods Frameworks */,
				A65E45C46AE5F15F6AB5ED53 /* Copy Pods Resources */,
			);
			buildRules = (
			);
			dependencies = (
			);
			name = Leisure;
			productName = Leisure;
			productReference = 7911F3DA1CAA6AFA0084006F /* Leisure.app */;
			productType = "com.apple.product-type.application";
		};
		7911F3F21CAA6AFA0084006F /* LeisureTests */ = {
			isa = PBXNativeTarget;
			buildConfigurationList = 7911F40A1CAA6AFA0084006F /* Build configuration list for PBXNativeTarget "LeisureTests" */;
			buildPhases = (
				7911F3EF1CAA6AFA0084006F /* Sources */,
				7911F3F01CAA6AFA0084006F /* Frameworks */,
				7911F3F11CAA6AFA0084006F /* Resources */,
			);
			buildRules = (
			);
			dependencies = (
				7911F3F51CAA6AFA0084006F /* PBXTargetDependency */,
			);
			name = LeisureTests;
			productName = LeisureTests;
			productReference = 7911F3F31CAA6AFA0084006F /* LeisureTests.xctest */;
			productType = "com.apple.product-type.bundle.unit-test";
		};
		7911F3FD1CAA6AFA0084006F /* LeisureUITests */ = {
			isa = PBXNativeTarget;
			buildConfigurationList = 7911F40D1CAA6AFA0084006F /* Build configuration list for PBXNativeTarget "LeisureUITests" */;
			buildPhases = (
				7911F3FA1CAA6AFA0084006F /* Sources */,
				7911F3FB1CAA6AFA0084006F /* Frameworks */,
				7911F3FC1CAA6AFA0084006F /* Resources */,
			);
			buildRules = (
			);
			dependencies = (
				7911F4001CAA6AFA0084006F /* PBXTargetDependency */,
			);
			name = LeisureUITests;
			productName = LeisureUITests;
			productReference = 7911F3FE1CAA6AFA0084006F /* LeisureUITests.xctest */;
			productType = "com.apple.product-type.bundle.ui-testing";
		};
/* End PBXNativeTarget section */

/* Begin PBXProject section */
		7911F3D21CAA6AFA0084006F /* Project object */ = {
			isa = PBXProject;
			attributes = {
				LastUpgradeCheck = 0720;
				ORGANIZATIONNAME = zero;
				TargetAttributes = {
					7911F3D91CAA6AFA0084006F = {
						CreatedOnToolsVersion = 7.2;
						DevelopmentTeam = A29QK2NWP9;
					};
					7911F3F21CAA6AFA0084006F = {
						CreatedOnToolsVersion = 7.2;
						TestTargetID = 7911F3D91CAA6AFA0084006F;
					};
					7911F3FD1CAA6AFA0084006F = {
						CreatedOnToolsVersion = 7.2;
						TestTargetID = 7911F3D91CAA6AFA0084006F;
					};
				};
			};
			buildConfigurationList = 7911F3D51CAA6AFA0084006F /* Build configuration list for PBXProject "Leisure" */;
			compatibilityVersion = "Xcode 3.2";
			developmentRegion = English;
			hasScannedForEncodings = 0;
			knownRegions = (
				en,
				Base,
			);
			mainGroup = 7911F3D11CAA6AFA0084006F;
			productRefGroup = 7911F3DB1CAA6AFA0084006F /* Products */;
			projectDirPath = "";
			projectRoot = "";
			targets = (
				7911F3D91CAA6AFA0084006F /* Leisure */,
				7911F3F21CAA6AFA0084006F /* LeisureTests */,
				7911F3FD1CAA6AFA0084006F /* LeisureUITests */,
			);
		};
/* End PBXProject section */

/* Begin PBXResourcesBuildPhase section */
		7911F3D81CAA6AFA0084006F /* Resources */ = {
			isa = PBXResourcesBuildPhase;
			buildActionMask = 2147483647;
			files = (
				79771E8E1CABEDB20077403D /* ProductInfoViewController.xib in Resources */,
				799214951CB145F1006C153D /* Images.xcassets in Resources */,
				7911F44E1CAA6B530084006F /* BaseViewController.xib in Resources */,
				79771EA21CABEDB20077403D /* ReadViewController.xib in Resources */,
				79771EA01CABEDB20077403D /* ReadInfoViewController.xib in Resources */,
				79C034401CAD0DEF00AA5478 /* RadioListModelCell.xib in Resources */,
				79E0F01E1CACB7EA002D451F /* BaseTableViewCell.xib in Resources */,
				79C0344A1CAD259200AA5478 /* RadioDetailListModelCell.xib in Resources */,
				79771E901CABEDB20077403D /* ProductViewController.xib in Resources */,
				79C0344C1CAD409800AA5478 /* RadioDetailListHeaderView.xib in Resources */,
				79C034391CACD41800AA5478 /* ReadDetailListModelCell.xib in Resources */,
				7911F3ED1CAA6AFA0084006F /* LaunchScreen.storyboard in Resources */,
				79771E991CABEDB20077403D /* RadioViewController.xib in Resources */,
				79771EA91CABEDB20077403D /* TopicViewController.xib in Resources */,
				7911954B1CAD545700913712 /* ProductListModelCell.xib in Resources */,
				79771EA71CABEDB20077403D /* TopicInfoViewController.xib in Resources */,
				79D2C7771CB7F31900302F67 /* ReadCommontListViewController.xib in Resources */,
				7911F4651CAA6B8B0084006F /* Main.storyboard in Resources */,
				79D2C7621CB79C2B00302F67 /* LoginViewController.xib in Resources */,
				79D2C76A1CB79C4900302F67 /* RegistViewController.xib in Resources */,
				79771E971CABEDB20077403D /* RadioPlayViewController.xib in Resources */,
				79BE2BD91CB6477300AB3C17 /* RadioPlayListCell.xib in Resources */,
				79E08D571CB4FBAD00FDD35B /* RadioPlayView.xib in Resources */,
				79C034421CAD19C000AA5478 /* RadioAllListHeaderView.xib in Resources */,
				79E0F0291CACC128002D451F /* ReadListModelCell.xib in Resources */,
				79771E9E1CABEDB20077403D /* ReadDetailViewController.xib in Resources */,
				79FCAEC41CB699D100A26397 /* style.css in Resources */,
				7911F46A1CAA6D190084006F /* BaseCollectionViewCell.xib in Resources */,
				79771E951CABEDB20077403D /* RadioDetailViewController.xib in Resources */,
			);
			runOnlyForDeploymentPostprocessing = 0;
		};
		7911F3F11CAA6AFA0084006F /* Resources */ = {
			isa = PBXResourcesBuildPhase;
			buildActionMask = 2147483647;
			files = (
			);
			runOnlyForDeploymentPostprocessing = 0;
		};
		7911F3FC1CAA6AFA0084006F /* Resources */ = {
			isa = PBXResourcesBuildPhase;
			buildActionMask = 2147483647;
			files = (
			);
			runOnlyForDeploymentPostprocessing = 0;
		};
/* End PBXResourcesBuildPhase section */

/* Begin PBXShellScriptBuildPhase section */
		64D15C40F8F0201FD3B4EC0C /* Embed Pods Frameworks */ = {
			isa = PBXShellScriptBuildPhase;
			buildActionMask = 2147483647;
			files = (
			);
			inputPaths = (
			);
			name = "Embed Pods Frameworks";
			outputPaths = (
			);
			runOnlyForDeploymentPostprocessing = 0;
			shellPath = /bin/sh;
			shellScript = "\"${SRCROOT}/Pods/Target Support Files/Pods-Leisure/Pods-Leisure-frameworks.sh\"\n";
			showEnvVarsInLog = 0;
		};
		94CE4F3A4FC7F7F7F1A18943 /* Check Pods Manifest.lock */ = {
			isa = PBXShellScriptBuildPhase;
			buildActionMask = 2147483647;
			files = (
			);
			inputPaths = (
			);
			name = "Check Pods Manifest.lock";
			outputPaths = (
			);
			runOnlyForDeploymentPostprocessing = 0;
			shellPath = /bin/sh;
			shellScript = "diff \"${PODS_ROOT}/../Podfile.lock\" \"${PODS_ROOT}/Manifest.lock\" > /dev/null\nif [[ $? != 0 ]] ; then\n    cat << EOM\nerror: The sandbox is not in sync with the Podfile.lock. Run 'pod install' or update your CocoaPods installation.\nEOM\n    exit 1\nfi\n";
			showEnvVarsInLog = 0;
		};
		A65E45C46AE5F15F6AB5ED53 /* Copy Pods Resources */ = {
			isa = PBXShellScriptBuildPhase;
			buildActionMask = 2147483647;
			files = (
			);
			inputPaths = (
			);
			name = "Copy Pods Resources";
			outputPaths = (
			);
			runOnlyForDeploymentPostprocessing = 0;
			shellPath = /bin/sh;
			shellScript = "\"${SRCROOT}/Pods/Target Support Files/Pods-Leisure/Pods-Leisure-resources.sh\"\n";
			showEnvVarsInLog = 0;
		};
/* End PBXShellScriptBuildPhase section */

/* Begin PBXSourcesBuildPhase section */
		7911F3D61CAA6AFA0084006F /* Sources */ = {
			isa = PBXSourcesBuildPhase;
			buildActionMask = 2147483647;
			files = (
				79E0F0211CACB919002D451F /* FactoryTableViewCell.m in Sources */,
				79E0F01D1CACB7EA002D451F /* BaseTableViewCell.m in Sources */,
				79D2C7761CB7F31900302F67 /* ReadCommontListViewController.m in Sources */,
				79E08D551CB4FB5B00FDD35B /* RadioPlayView.m in Sources */,
				79771E9F1CABEDB20077403D /* ReadInfoViewController.m in Sources */,
				79771E8C1CABEDB20077403D /* ProductUserInfoModel.m in Sources */,
				79D2C77A1CB7F72300302F67 /* ReadCommontModel.m in Sources */,
				79771E8B1CABEDB20077403D /* ProductListModel.m in Sources */,
				79FCAEC71CB699D900A26397 /* NSString+Html.m in Sources */,
				79771E921CABEDB20077403D /* RadioListModel.m in Sources */,
				79771E8D1CABEDB20077403D /* ProductInfoViewController.m in Sources */,
				79C034481CAD258000AA5478 /* RadioDetailListModelCell.m in Sources */,
				7911F44C1CAA6B530084006F /* BaseModel.m in Sources */,
				79771EA51CABEDB20077403D /* TopicUserInfoModel.m in Sources */,
				79771E981CABEDB20077403D /* RadioViewController.m in Sources */,
				79771EA31CABEDB20077403D /* TopicCounterListModel.m in Sources */,
				79D2C7691CB79C4900302F67 /* RegistViewController.m in Sources */,
				7911F4691CAA6D190084006F /* BaseCollectionViewCell.m in Sources */,
				79771E941CABEDB20077403D /* RadioDetailViewController.m in Sources */,
				79771EA11CABEDB20077403D /* ReadViewController.m in Sources */,
				79C034371CACD40600AA5478 /* ReadDetailListModelCell.m in Sources */,
				79771E9D1CABEDB20077403D /* ReadDetailViewController.m in Sources */,
				79771E911CABEDB20077403D /* RadioCarouselModel.m in Sources */,
				79771E931CABEDB20077403D /* RadioUserInfoModel.m in Sources */,
				79771E8F1CABEDB20077403D /* ProductViewController.m in Sources */,
				79771E9B1CABEDB20077403D /* ReadDetailListModel.m in Sources */,
				79E0F0271CACC0FC002D451F /* ReadListModelCell.m in Sources */,
				79771EA61CABEDB20077403D /* TopicInfoViewController.m in Sources */,
				79E08D4A1CB4E78E00FDD35B /* RadioInfoModel.m in Sources */,
				7911F44D1CAA6B530084006F /* BaseViewController.m in Sources */,
				79E0F0241CACBBCD002D451F /* FactoryCollectionViewCell.m in Sources */,
				79D2C77D1CB7F7C900302F67 /* ReadCommontModelCell.m in Sources */,
				7911F3E21CAA6AFA0084006F /* AppDelegate.m in Sources */,
				791195441CAD482100913712 /* TopicListModelCell.m in Sources */,
				79C0343E1CAD0DE000AA5478 /* RadioListModelCell.m in Sources */,
				79771E9C1CABEDB20077403D /* ReadListModel.m in Sources */,
				79771E961CABEDB20077403D /* RadioPlayViewController.m in Sources */,
				79E77C251CB8923400DBBB97 /* KeyBoardView.m in Sources */,
				79BE2BD81CB6477300AB3C17 /* RadioPlayListCell.m in Sources */,
				79771EAD1CABEE3F0077403D /* NetWorkrequestManage.m in Sources */,
				791195491CAD543900913712 /* ProductListModelCell.m in Sources */,
				79E08D441CB4DF6400FDD35B /* PlayerManager.m in Sources */,
				79771E8A1CABEDB20077403D /* ProductCommentlistModel.m in Sources */,
				79771EA81CABEDB20077403D /* TopicViewController.m in Sources */,
				7911F3DF1CAA6AFA0084006F /* main.m in Sources */,
				79C034451CAD245600AA5478 /* RadioDetailListModel.m in Sources */,
				79E08D4D1CB4E90D00FDD35B /* RadioPlayInfoModel.m in Sources */,
				791195411CAD445800913712 /* RadioDetailListHeaderView.m in Sources */,
				79771EA41CABEDB20077403D /* TopicListModel.m in Sources */,
				79771E9A1CABEDB20077403D /* ReadCarouselModel.m in Sources */,
				79D2C76D1CB7A04200302F67 /* UserInfoManager.m in Sources */,
				79D2C7821CB7F80A00302F67 /* ReadUserInfoModel.m in Sources */,
				79D2C7611CB79C2B00302F67 /* LoginViewController.m in Sources */,
				7911F4631CAA6B530084006F /* ViewController.m in Sources */,
			);
			runOnlyForDeploymentPostprocessing = 0;
		};
		7911F3EF1CAA6AFA0084006F /* Sources */ = {
			isa = PBXSourcesBuildPhase;
			buildActionMask = 2147483647;
			files = (
				7911F3F81CAA6AFA0084006F /* LeisureTests.m in Sources */,
			);
			runOnlyForDeploymentPostprocessing = 0;
		};
		7911F3FA1CAA6AFA0084006F /* Sources */ = {
			isa = PBXSourcesBuildPhase;
			buildActionMask = 2147483647;
			files = (
				7911F4031CAA6AFA0084006F /* LeisureUITests.m in Sources */,
			);
			runOnlyForDeploymentPostprocessing = 0;
		};
/* End PBXSourcesBuildPhase section */

/* Begin PBXTargetDependency section */
		7911F3F51CAA6AFA0084006F /* PBXTargetDependency */ = {
			isa = PBXTargetDependency;
			target = 7911F3D91CAA6AFA0084006F /* Leisure */;
			targetProxy = 7911F3F41CAA6AFA0084006F /* PBXContainerItemProxy */;
		};
		7911F4001CAA6AFA0084006F /* PBXTargetDependency */ = {
			isa = PBXTargetDependency;
			target = 7911F3D91CAA6AFA0084006F /* Leisure */;
			targetProxy = 7911F3FF1CAA6AFA0084006F /* PBXContainerItemProxy */;
		};
/* End PBXTargetDependency section */

/* Begin PBXVariantGroup section */
		7911F3EB1CAA6AFA0084006F /* LaunchScreen.storyboard */ = {
			isa = PBXVariantGroup;
			children = (
				7911F3EC1CAA6AFA0084006F /* Base */,
			);
			name = LaunchScreen.storyboard;
			sourceTree = "<group>";
		};
/* End PBXVariantGroup section */

/* Begin XCBuildConfiguration section */
		7911F4051CAA6AFA0084006F /* Debug */ = {
			isa = XCBuildConfiguration;
			buildSettings = {
				ALWAYS_SEARCH_USER_PATHS = NO;
				CLANG_CXX_LANGUAGE_STANDARD = "gnu++0x";
				CLANG_CXX_LIBRARY = "libc++";
				CLANG_ENABLE_MODULES = YES;
				CLANG_ENABLE_OBJC_ARC = YES;
				CLANG_WARN_BOOL_CONVERSION = YES;
				CLANG_WARN_CONSTANT_CONVERSION = YES;
				CLANG_WARN_DIRECT_OBJC_ISA_USAGE = YES_ERROR;
				CLANG_WARN_EMPTY_BODY = YES;
				CLANG_WARN_ENUM_CONVERSION = YES;
				CLANG_WARN_INT_CONVERSION = YES;
				CLANG_WARN_OBJC_ROOT_CLASS = YES_ERROR;
				CLANG_WARN_UNREACHABLE_CODE = YES;
				CLANG_WARN__DUPLICATE_METHOD_MATCH = YES;
				"CODE_SIGN_IDENTITY[sdk=iphoneos*]" = "iPhone Developer";
				COPY_PHASE_STRIP = NO;
				DEBUG_INFORMATION_FORMAT = dwarf;
				ENABLE_STRICT_OBJC_MSGSEND = YES;
				ENABLE_TESTABILITY = YES;
				GCC_C_LANGUAGE_STANDARD = gnu99;
				GCC_DYNAMIC_NO_PIC = NO;
				GCC_NO_COMMON_BLOCKS = YES;
				GCC_OPTIMIZATION_LEVEL = 0;
				GCC_PREPROCESSOR_DEFINITIONS = (
					"DEBUG=1",
					"$(inherited)",
				);
				GCC_WARN_64_TO_32_BIT_CONVERSION = YES;
				GCC_WARN_ABOUT_RETURN_TYPE = YES_ERROR;
				GCC_WARN_UNDECLARED_SELECTOR = YES;
				GCC_WARN_UNINITIALIZED_AUTOS = YES_AGGRESSIVE;
				GCC_WARN_UNUSED_FUNCTION = YES;
				GCC_WARN_UNUSED_VARIABLE = YES;
				IPHONEOS_DEPLOYMENT_TARGET = 9.2;
				MTL_ENABLE_DEBUG_INFO = YES;
				ONLY_ACTIVE_ARCH = YES;
				SDKROOT = iphoneos;
				TARGETED_DEVICE_FAMILY = "1,2";
			};
			name = Debug;
		};
		7911F4061CAA6AFA0084006F /* Release */ = {
			isa = XCBuildConfiguration;
			buildSettings = {
				ALWAYS_SEARCH_USER_PATHS = NO;
				CLANG_CXX_LANGUAGE_STANDARD = "gnu++0x";
				CLANG_CXX_LIBRARY = "libc++";
				CLANG_ENABLE_MODULES = YES;
				CLANG_ENABLE_OBJC_ARC = YES;
				CLANG_WARN_BOOL_CONVERSION = YES;
				CLANG_WARN_CONSTANT_CONVERSION = YES;
				CLANG_WARN_DIRECT_OBJC_ISA_USAGE = YES_ERROR;
				CLANG_WARN_EMPTY_BODY = YES;
				CLANG_WARN_ENUM_CONVERSION = YES;
				CLANG_WARN_INT_CONVERSION = YES;
				CLANG_WARN_OBJC_ROOT_CLASS = YES_ERROR;
				CLANG_WARN_UNREACHABLE_CODE = YES;
				CLANG_WARN__DUPLICATE_METHOD_MATCH = YES;
				"CODE_SIGN_IDENTITY[sdk=iphoneos*]" = "iPhone Developer";
				COPY_PHASE_STRIP = NO;
				DEBUG_INFORMATION_FORMAT = "dwarf-with-dsym";
				ENABLE_NS_ASSERTIONS = NO;
				ENABLE_STRICT_OBJC_MSGSEND = YES;
				GCC_C_LANGUAGE_STANDARD = gnu99;
				GCC_NO_COMMON_BLOCKS = YES;
				GCC_WARN_64_TO_32_BIT_CONVERSION = YES;
				GCC_WARN_ABOUT_RETURN_TYPE = YES_ERROR;
				GCC_WARN_UNDECLARED_SELECTOR = YES;
				GCC_WARN_UNINITIALIZED_AUTOS = YES_AGGRESSIVE;
				GCC_WARN_UNUSED_FUNCTION = YES;
				GCC_WARN_UNUSED_VARIABLE = YES;
				IPHONEOS_DEPLOYMENT_TARGET = 9.2;
				MTL_ENABLE_DEBUG_INFO = NO;
				SDKROOT = iphoneos;
				TARGETED_DEVICE_FAMILY = "1,2";
				VALIDATE_PRODUCT = YES;
			};
			name = Release;
		};
		7911F4081CAA6AFA0084006F /* Debug */ = {
			isa = XCBuildConfiguration;
			baseConfigurationReference = B3C6FE2D696563F4A544AE57 /* Pods-Leisure.debug.xcconfig */;
			buildSettings = {
				ASSETCATALOG_COMPILER_APPICON_NAME = AppIcon;
				CODE_SIGN_IDENTITY = "iPhone Developer";
				"CODE_SIGN_IDENTITY[sdk=iphoneos*]" = "iPhone Developer";
				GCC_PREFIX_HEADER = "Leisure/Tools/PianKe-Prefix.pch";
				INFOPLIST_FILE = Leisure/Info.plist;
				LD_RUNPATH_SEARCH_PATHS = "$(inherited) @executable_path/Frameworks";
				PRODUCT_BUNDLE_IDENTIFIER = www.zero.com.Leisure;
				PRODUCT_NAME = "$(TARGET_NAME)";
				PROVISIONING_PROFILE = "";
			};
			name = Debug;
		};
		7911F4091CAA6AFA0084006F /* Release */ = {
			isa = XCBuildConfiguration;
			baseConfigurationReference = 694E9095F59869E92B16FB58 /* Pods-Leisure.release.xcconfig */;
			buildSettings = {
				ASSETCATALOG_COMPILER_APPICON_NAME = AppIcon;
				CODE_SIGN_IDENTITY = "iPhone Developer";
				"CODE_SIGN_IDENTITY[sdk=iphoneos*]" = "iPhone Developer";
				GCC_PREFIX_HEADER = "Leisure/Tools/PianKe-Prefix.pch";
				INFOPLIST_FILE = Leisure/Info.plist;
				LD_RUNPATH_SEARCH_PATHS = "$(inherited) @executable_path/Frameworks";
				PRODUCT_BUNDLE_IDENTIFIER = www.zero.com.Leisure;
				PRODUCT_NAME = "$(TARGET_NAME)";
				PROVISIONING_PROFILE = "";
			};
			name = Release;
		};
		7911F40B1CAA6AFA0084006F /* Debug */ = {
			isa = XCBuildConfiguration;
			buildSettings = {
				BUNDLE_LOADER = "$(TEST_HOST)";
				INFOPLIST_FILE = LeisureTests/Info.plist;
				LD_RUNPATH_SEARCH_PATHS = "$(inherited) @executable_path/Frameworks @loader_path/Frameworks";
				PRODUCT_BUNDLE_IDENTIFIER = www.zero.com.LeisureTests;
				PRODUCT_NAME = "$(TARGET_NAME)";
				TEST_HOST = "$(BUILT_PRODUCTS_DIR)/Leisure.app/Leisure";
			};
			name = Debug;
		};
		7911F40C1CAA6AFA0084006F /* Release */ = {
			isa = XCBuildConfiguration;
			buildSettings = {
				BUNDLE_LOADER = "$(TEST_HOST)";
				INFOPLIST_FILE = LeisureTests/Info.plist;
				LD_RUNPATH_SEARCH_PATHS = "$(inherited) @executable_path/Frameworks @loader_path/Frameworks";
				PRODUCT_BUNDLE_IDENTIFIER = www.zero.com.LeisureTests;
				PRODUCT_NAME = "$(TARGET_NAME)";
				TEST_HOST = "$(BUILT_PRODUCTS_DIR)/Leisure.app/Leisure";
			};
			name = Release;
		};
		7911F40E1CAA6AFA0084006F /* Debug */ = {
			isa = XCBuildConfiguration;
			buildSettings = {
				INFOPLIST_FILE = LeisureUITests/Info.plist;
				LD_RUNPATH_SEARCH_PATHS = "$(inherited) @executable_path/Frameworks @loader_path/Frameworks";
				PRODUCT_BUNDLE_IDENTIFIER = www.zero.com.LeisureUITests;
				PRODUCT_NAME = "$(TARGET_NAME)";
				TEST_TARGET_NAME = Leisure;
				USES_XCTRUNNER = YES;
			};
			name = Debug;
		};
		7911F40F1CAA6AFA0084006F /* Release */ = {
			isa = XCBuildConfiguration;
			buildSettings = {
				INFOPLIST_FILE = LeisureUITests/Info.plist;
				LD_RUNPATH_SEARCH_PATHS = "$(inherited) @executable_path/Frameworks @loader_path/Frameworks";
				PRODUCT_BUNDLE_IDENTIFIER = www.zero.com.LeisureUITests;
				PRODUCT_NAME = "$(TARGET_NAME)";
				TEST_TARGET_NAME = Leisure;
				USES_XCTRUNNER = YES;
			};
			name = Release;
		};
/* End XCBuildConfiguration section */

/* Begin XCConfigurationList section */
		7911F3D51CAA6AFA0084006F /* Build configuration list for PBXProject "Leisure" */ = {
			isa = XCConfigurationList;
			buildConfigurations = (
				7911F4051CAA6AFA0084006F /* Debug */,
				7911F4061CAA6AFA0084006F /* Release */,
			);
			defaultConfigurationIsVisible = 0;
			defaultConfigurationName = Release;
		};
		7911F4071CAA6AFA0084006F /* Build configuration list for PBXNativeTarget "Leisure" */ = {
			isa = XCConfigurationList;
			buildConfigurations = (
				7911F4081CAA6AFA0084006F /* Debug */,
				7911F4091CAA6AFA0084006F /* Release */,
			);
			defaultConfigurationIsVisible = 0;
			defaultConfigurationName = Release;
		};
		7911F40A1CAA6AFA0084006F /* Build configuration list for PBXNativeTarget "LeisureTests" */ = {
			isa = XCConfigurationList;
			buildConfigurations = (
				7911F40B1CAA6AFA0084006F /* Debug */,
				7911F40C1CAA6AFA0084006F /* Release */,
			);
			defaultConfigurationIsVisible = 0;
			defaultConfigurationName = Release;
		};
		7911F40D1CAA6AFA0084006F /* Build configuration list for PBXNativeTarget "LeisureUITests" */ = {
			isa = XCConfigurationList;
			buildConfigurations = (
				7911F40E1CAA6AFA0084006F /* Debug */,
				7911F40F1CAA6AFA0084006F /* Release */,
			);
			defaultConfigurationIsVisible = 0;
			defaultConfigurationName = Release;
		};
/* End XCConfigurationList section */
	};
	rootObject = 7911F3D21CAA6AFA0084006F /* Project object */;
}
